
Microsoft Visual Studio Solution File, Format Version 12.00
# Visual Studio Version 16
VisualStudioVersion = 16.0.30804.86
MinimumVisualStudioVersion = 10.0.40219.1
Project("{FAE04EC0-301F-11D3-BF4B-00C04F79EFBC}") = "Azwebapp", "Azwebapp\Azwebapp.csproj", "{265BAF0A-251F-4402-8E4C-34C22E35DEEF}"
EndProject
Global
	GlobalSection(SolutionConfigurationPlatforms) = preSolution
		Debug|Any CPU = Debug|Any CPU
		Release|Any CPU = Release|Any CPU
	EndGlobalSection
	GlobalSection(ProjectConfigurationPlatforms) = postSolution
		{265BAF0A-251F-4402-8E4C-34C22E35DEEF}.Debug|Any CPU.ActiveCfg = Debug|Any CPU
		{265BAF0A-251F-4402-8E4C-34C22E35DEEF}.Debug|Any CPU.Build.0 = Debug|Any CPU
		{265BAF0A-251F-4402-8E4C-34C22E35DEEF}.Release|Any CPU.ActiveCfg = Release|Any CPU
		{265BAF0A-251F-4402-8E4C-34C22E35DEEF}.Release|Any CPU.Build.0 = Release|Any CPU
	EndGlobalSection
	GlobalSection(SolutionProperties) = preSolution
		HideSolutionNode = FALSE
	EndGlobalSection
	GlobalSection(ExtensibilityGlobals) = postSolution
		SolutionGuid = {70E8EAB7-62FE-4ABE-9CC1-B3C25ED51C4C}
	EndGlobalSection
EndGlobal
