
Microsoft Visual Studio Solution File, Format Version 12.00
# Visual Studio Version 16
VisualStudioVersion = 16.0.30804.86
MinimumVisualStudioVersion = 10.0.40219.1
Project("{9A19103F-16F7-4668-BE54-9A1E7A4F7556}") = "Azwebapp", "Azwebapp\Azwebapp.csproj", "{265BAF0A-251F-4402-8E4C-34C22E35DEEF}"
EndProject
Project("{9A19103F-16F7-4668-BE54-9A1E7A4F7556}") = "WebJobsSDK", "WebJobsSDK\WebJobsSDK.csproj", "{02A3A39E-9B01-4AC0-9617-2DD980E040CE}"
EndProject
Project("{9A19103F-16F7-4668-BE54-9A1E7A4F7556}") = "AZFunctionApp", "AZFunctionApp\AZFunctionApp.csproj", "{30E280F7-3755-44F4-9F78-07EE79B2C520}"
EndProject
Project("{9A19103F-16F7-4668-BE54-9A1E7A4F7556}") = "BlobOperation", "BlobOperation\BlobOperation.csproj", "{168F8ECD-02C7-4A9C-941E-F089BEE3F560}"
EndProject
Project("{FAE04EC0-301F-11D3-BF4B-00C04F79EFBC}") = "CosmosDB.DotNetSDK", "CosmosDB.DotNetSDK\CosmosDB.DotNetSDK.csproj", "{7A7E54CC-4AB2-483F-BAEB-3B7BB1D57CC6}"
EndProject
Project("{FAE04EC0-301F-11D3-BF4B-00C04F79EFBC}") = "CosmosDB.SP_Triggers_UDFS", "CosmosDB.SP_Triggers_UDFS\CosmosDB.SP_Triggers_UDFS.csproj", "{9B0D8F14-D8AD-4F75-A3D0-0DE5C237B8EF}"
EndProject
Project("{9A19103F-16F7-4668-BE54-9A1E7A4F7556}") = "AzureADWebAPP", "AzureADWebAPP\AzureADWebAPP.csproj", "{8B580F46-762A-42A0-A830-8D0F1E128CED}"
EndProject
Project("{9A19103F-16F7-4668-BE54-9A1E7A4F7556}") = "AzureKeyVault", "AzureKeyVault\AzureKeyVault.csproj", "{FEF02A3B-C689-4AD3-8682-B068B1D0AC32}"
EndProject
Project("{FAE04EC0-301F-11D3-BF4B-00C04F79EFBC}") = "AppInsight", "AppInsight\AppInsight.csproj", "{6986766C-5CB0-4F1B-A1CD-70A6A2E8C76F}"
EndProject
Global
	GlobalSection(SolutionConfigurationPlatforms) = preSolution
		Debug|Any CPU = Debug|Any CPU
		Release|Any CPU = Release|Any CPU
	EndGlobalSection
	GlobalSection(ProjectConfigurationPlatforms) = postSolution
		{265BAF0A-251F-4402-8E4C-34C22E35DEEF}.Debug|Any CPU.ActiveCfg = Debug|Any CPU
		{265BAF0A-251F-4402-8E4C-34C22E35DEEF}.Debug|Any CPU.Build.0 = Debug|Any CPU
		{265BAF0A-251F-4402-8E4C-34C22E35DEEF}.Release|Any CPU.ActiveCfg = Release|Any CPU
		{265BAF0A-251F-4402-8E4C-34C22E35DEEF}.Release|Any CPU.Build.0 = Release|Any CPU
		{02A3A39E-9B01-4AC0-9617-2DD980E040CE}.Debug|Any CPU.ActiveCfg = Debug|Any CPU
		{02A3A39E-9B01-4AC0-9617-2DD980E040CE}.Debug|Any CPU.Build.0 = Debug|Any CPU
		{02A3A39E-9B01-4AC0-9617-2DD980E040CE}.Release|Any CPU.ActiveCfg = Release|Any CPU
		{02A3A39E-9B01-4AC0-9617-2DD980E040CE}.Release|Any CPU.Build.0 = Release|Any CPU
		{30E280F7-3755-44F4-9F78-07EE79B2C520}.Debug|Any CPU.ActiveCfg = Debug|Any CPU
		{30E280F7-3755-44F4-9F78-07EE79B2C520}.Debug|Any CPU.Build.0 = Debug|Any CPU
		{30E280F7-3755-44F4-9F78-07EE79B2C520}.Release|Any CPU.ActiveCfg = Release|Any CPU
		{30E280F7-3755-44F4-9F78-07EE79B2C520}.Release|Any CPU.Build.0 = Release|Any CPU
		{168F8ECD-02C7-4A9C-941E-F089BEE3F560}.Debug|Any CPU.ActiveCfg = Debug|Any CPU
		{168F8ECD-02C7-4A9C-941E-F089BEE3F560}.Debug|Any CPU.Build.0 = Debug|Any CPU
		{168F8ECD-02C7-4A9C-941E-F089BEE3F560}.Release|Any CPU.ActiveCfg = Release|Any CPU
		{168F8ECD-02C7-4A9C-941E-F089BEE3F560}.Release|Any CPU.Build.0 = Release|Any CPU
		{7A7E54CC-4AB2-483F-BAEB-3B7BB1D57CC6}.Debug|Any CPU.ActiveCfg = Debug|Any CPU
		{7A7E54CC-4AB2-483F-BAEB-3B7BB1D57CC6}.Debug|Any CPU.Build.0 = Debug|Any CPU
		{7A7E54CC-4AB2-483F-BAEB-3B7BB1D57CC6}.Release|Any CPU.ActiveCfg = Release|Any CPU
		{7A7E54CC-4AB2-483F-BAEB-3B7BB1D57CC6}.Release|Any CPU.Build.0 = Release|Any CPU
		{9B0D8F14-D8AD-4F75-A3D0-0DE5C237B8EF}.Debug|Any CPU.ActiveCfg = Debug|Any CPU
		{9B0D8F14-D8AD-4F75-A3D0-0DE5C237B8EF}.Debug|Any CPU.Build.0 = Debug|Any CPU
		{9B0D8F14-D8AD-4F75-A3D0-0DE5C237B8EF}.Release|Any CPU.ActiveCfg = Release|Any CPU
		{9B0D8F14-D8AD-4F75-A3D0-0DE5C237B8EF}.Release|Any CPU.Build.0 = Release|Any CPU
		{8B580F46-762A-42A0-A830-8D0F1E128CED}.Debug|Any CPU.ActiveCfg = Debug|Any CPU
		{8B580F46-762A-42A0-A830-8D0F1E128CED}.Debug|Any CPU.Build.0 = Debug|Any CPU
		{8B580F46-762A-42A0-A830-8D0F1E128CED}.Release|Any CPU.ActiveCfg = Release|Any CPU
		{8B580F46-762A-42A0-A830-8D0F1E128CED}.Release|Any CPU.Build.0 = Release|Any CPU
		{FEF02A3B-C689-4AD3-8682-B068B1D0AC32}.Debug|Any CPU.ActiveCfg = Debug|Any CPU
		{FEF02A3B-C689-4AD3-8682-B068B1D0AC32}.Debug|Any CPU.Build.0 = Debug|Any CPU
		{FEF02A3B-C689-4AD3-8682-B068B1D0AC32}.Release|Any CPU.ActiveCfg = Release|Any CPU
		{FEF02A3B-C689-4AD3-8682-B068B1D0AC32}.Release|Any CPU.Build.0 = Release|Any CPU
		{6986766C-5CB0-4F1B-A1CD-70A6A2E8C76F}.Debug|Any CPU.ActiveCfg = Debug|Any CPU
		{6986766C-5CB0-4F1B-A1CD-70A6A2E8C76F}.Debug|Any CPU.Build.0 = Debug|Any CPU
		{6986766C-5CB0-4F1B-A1CD-70A6A2E8C76F}.Release|Any CPU.ActiveCfg = Release|Any CPU
		{6986766C-5CB0-4F1B-A1CD-70A6A2E8C76F}.Release|Any CPU.Build.0 = Release|Any CPU
	EndGlobalSection
	GlobalSection(SolutionProperties) = preSolution
		HideSolutionNode = FALSE
	EndGlobalSection
	GlobalSection(ExtensibilityGlobals) = postSolution
		SolutionGuid = {70E8EAB7-62FE-4ABE-9CC1-B3C25ED51C4C}
	EndGlobalSection
EndGlobal
